lockfileVersion: '9.0'

settings:
  autoInstallPeers: true
  excludeLinksFromLockfile: false

importers:

  .:
    devDependencies:
      typescript:
        specifier: ^5.0.0
        version: 5.9.3

  apps/admin:
    dependencies:
      '@ai-mentor/core':
        specifier: workspace:*
        version: link:../../packages/core
      '@ai-mentor/shared-ui':
        specifier: workspace:*
        version: link:../../packages/shared-ui

  apps/mobile:
    dependencies:
      '@ai-mentor/core':
        specifier: workspace:*
        version: link:../../packages/core

  apps/web:
    dependencies:
      '@ai-mentor/core':
        specifier: workspace:*
        version: link:../../packages/core
      '@ai-mentor/shared-ui':
        specifier: workspace:*
        version: link:../../packages/shared-ui

  packages/ai-engine: {}

  packages/core: {}

  packages/plugin-sdk: {}

  packages/shared-ui: {}

packages:

  typescript@5.9.3:
    resolution: {integrity: sha512-jl1vZzPDinLr9eUt3J/t7V6FgNEw9QjvBPdysz9KfQDD41fQrC2Y4vKQdiaUpFT4bXlb1RHhLpp8wtm6M5TgSw==}
    engines: {node: '>=14.17'}
    hasBin: true

snapshots:

  typescript@5.9.3: {}
